
Microsoft Visual Studio Solution File, Format Version 12.00
# Visual Studio 15
VisualStudioVersion = 15.0.27004.2002
MinimumVisualStudioVersion = 10.0.40219.1
Project("{FAE04EC0-301F-11D3-BF4B-00C04F79EFBC}") = "GENIUSPAIE", "GENIUSPAIE\GENIUSPAIE.csproj", "{36E6F52B-ACDF-4B76-B5A9-6B5279EF86B3}"
EndProject
Project("{FAE04EC0-301F-11D3-BF4B-00C04F79EFBC}") = "Core", "Core\Core.csproj", "{FC7E4EF7-B1B5-4069-B7EA-48D6315E364B}"
EndProject
Global
	GlobalSection(SolutionConfigurationPlatforms) = preSolution
		Debug|Any CPU = Debug|Any CPU
		Release|Any CPU = Release|Any CPU
	EndGlobalSection
	GlobalSection(ProjectConfigurationPlatforms) = postSolution
		{36E6F52B-ACDF-4B76-B5A9-6B5279EF86B3}.Debug|Any CPU.ActiveCfg = Debug|Any CPU
		{36E6F52B-ACDF-4B76-B5A9-6B5279EF86B3}.Debug|Any CPU.Build.0 = Debug|Any CPU
		{36E6F52B-ACDF-4B76-B5A9-6B5279EF86B3}.Release|Any CPU.ActiveCfg = Release|Any CPU
		{36E6F52B-ACDF-4B76-B5A9-6B5279EF86B3}.Release|Any CPU.Build.0 = Release|Any CPU
		{FC7E4EF7-B1B5-4069-B7EA-48D6315E364B}.Debug|Any CPU.ActiveCfg = Debug|Any CPU
		{FC7E4EF7-B1B5-4069-B7EA-48D6315E364B}.Debug|Any CPU.Build.0 = Debug|Any CPU
		{FC7E4EF7-B1B5-4069-B7EA-48D6315E364B}.Release|Any CPU.ActiveCfg = Release|Any CPU
		{FC7E4EF7-B1B5-4069-B7EA-48D6315E364B}.Release|Any CPU.Build.0 = Release|Any CPU
	EndGlobalSection
	GlobalSection(SolutionProperties) = preSolution
		HideSolutionNode = FALSE
	EndGlobalSection
	GlobalSection(ExtensibilityGlobals) = postSolution
		SolutionGuid = {62E4A536-0BA5-49B7-A812-C9524B350EA9}
	EndGlobalSection
EndGlobal
